dependencies:
- name: victoria-metrics-single
  repository: https://victoriametrics.github.io/helm-charts
  version: 0.48.0
- name: grafana
  repository: https://grafana-community.github.io/helm-charts
  version: 13.4.0
digest: sha256:7e9bbda180daedbff19f34f59df2f27fd99bf4309d988be39b79c72867c1109d
generated: "2026-10-08T15:44:23.967346-04:00"
